
Microsoft Visual Studio Solution File, Format Version 12.00
# Visual Studio Version 17
VisualStudioVersion = 17.7.34024.191
MinimumVisualStudioVersion = 10.0.40219.1
Project("{9A19103F-16F7-4668-BE54-9A1E7A4F7556}") = "NearestColorFinder", "NearestColorFinder\NearestColorFinder.csproj", "{FD3F3A17-399D-4819-A685-E9E3D57D67CC}"
EndProject
Global
	GlobalSection(SolutionConfigurationPlatforms) = preSolution
		Debug|Any CPU = Debug|Any CPU
		Release|Any CPU = Release|Any CPU
	EndGlobalSection
	GlobalSection(ProjectConfigurationPlatforms) = postSolution
		{FD3F3A17-399D-4819-A685-E9E3D57D67CC}.Debug|Any CPU.ActiveCfg = Debug|Any CPU
		{FD3F3A17-399D-4819-A685-E9E3D57D67CC}.Debug|Any CPU.Build.0 = Debug|Any CPU
		{FD3F3A17-399D-4819-A685-E9E3D57D67CC}.Release|Any CPU.ActiveCfg = Release|Any CPU
		{FD3F3A17-399D-4819-A685-E9E3D57D67CC}.Release|Any CPU.Build.0 = Release|Any CPU
	EndGlobalSection
	GlobalSection(SolutionProperties) = preSolution
		HideSolutionNode = FALSE
	EndGlobalSection
	GlobalSection(ExtensibilityGlobals) = postSolution
		SolutionGuid = {93CB146C-02EC-45E5-87C6-991C196FC316}
	EndGlobalSection
EndGlobal
